
Microsoft Visual Studio Solution File, Format Version 12.00
# Visual Studio Version 17
VisualStudioVersion = 17.5.33627.172
MinimumVisualStudioVersion = 10.0.40219.1
Project("{FAE04EC0-301F-11D3-BF4B-00C04F79EFBC}") = "gestionEmpleados", "gestionEmpleados\gestionEmpleados.csproj", "{882EF53C-6D02-45DE-87C2-CD4ACE98EAAF}"
EndProject
Global
	GlobalSection(SolutionConfigurationPlatforms) = preSolution
		Debug|Any CPU = Debug|Any CPU
		Release|Any CPU = Release|Any CPU
	EndGlobalSection
	GlobalSection(ProjectConfigurationPlatforms) = postSolution
		{882EF53C-6D02-45DE-87C2-CD4ACE98EAAF}.Debug|Any CPU.ActiveCfg = Debug|Any CPU
		{882EF53C-6D02-45DE-87C2-CD4ACE98EAAF}.Debug|Any CPU.Build.0 = Debug|Any CPU
		{882EF53C-6D02-45DE-87C2-CD4ACE98EAAF}.Release|Any CPU.ActiveCfg = Release|Any CPU
		{882EF53C-6D02-45DE-87C2-CD4ACE98EAAF}.Release|Any CPU.Build.0 = Release|Any CPU
	EndGlobalSection
	GlobalSection(SolutionProperties) = preSolution
		HideSolutionNode = FALSE
	EndGlobalSection
	GlobalSection(ExtensibilityGlobals) = postSolution
		SolutionGuid = {19BF2C20-7B48-433E-81B1-C5170DF3D18D}
	EndGlobalSection
EndGlobal
